// !$*UTF8*$!
{
	archiveVersion = 1;
	classes = {
	};
	objectVersion = 48;
	objects = {

/* Begin PBXBuildFile section */
		776F28432006154100997551 /* AppDelegate.m in Sources */ = {isa = PBXBuildFile; fileRef = 776F28422006154100997551 /* AppDelegate.m */; };
		776F28462006154100997551 /* ViewController.m in Sources */ = {isa = PBXBuildFile; fileRef = 776F28452006154100997551 /* ViewController.m */; };
		776F28492006154100997551 /* Main.storyboard in Resources */ = {isa = PBXBuildFile; fileRef = 776F28472006154100997551 /* Main.storyboard */; };
		776F284B2006154100997551 /* Assets.xcassets in Resources */ = {isa = PBXBuildFile; fileRef = 776F284A2006154100997551 /* Assets.xcassets */; };
		776F284E2006154100997551 /* LaunchScreen.storyboard in Resources */ = {isa = PBXBuildFile; fileRef = 776F284C2006154100997551 /* LaunchScreen.storyboard */; };
		776F28512006154100997551 /* main.m in Sources */ = {isa = PBXBuildFile; fileRef = 776F28502006154100997551 /* main.m */; };
		776F285B200615C400997551 /* UIButton+Touch.m in Sources */ = {isa = PBXBuildFile; fileRef = 776F285A200615C400997551 /* UIButton+Touch.m */; };
/* End PBXBuildFile section */

/* Begin PBXFileReference section */
		776F283E2006154100997551 /* buttonDemo.app */ = {isa = PBXFileReference; explicitFileType = wrapper.application; includeInIndex = 0; path = buttonDemo.app; sourceTree = BUILT_PRODUCTS_DIR; };
		776F28412006154100997551 /* AppDelegate.h */ = {isa = PBXFileReference; lastKnownFileType = sourcecode.c.h; path = AppDelegate.h; sourceTree = "<group>"; };
		776F28422006154100997551 /* AppDelegate.m */ = {isa = PBXFileReference; lastKnownFileType = sourcecode.c.objc; path = AppDelegate.m; sourceTree = "<group>"; };
		776F28442006154100997551 /* ViewController.h */ = {isa = PBXFileReference; lastKnownFileType = sourcecode.c.h; path = ViewController.h; sourceTree = "<group>"; };
		776F28452006154100997551 /* ViewController.m */ = {isa = PBXFileReference; lastKnownFileType = sourcecode.c.objc; path = ViewController.m; sourceTree = "<group>"; };
		776F28482006154100997551 /* Base */ = {isa = PBXFileReference; lastKnownFileType = file.storyboard; name = Base; path = Base.lproj/Main.storyboard; sourceTree = "<group>"; };
		776F284A2006154100997551 /* Assets.xcassets */ = {isa = PBXFileReference; lastKnownFileType = folder.assetcatalog; path = Assets.xcassets; sourceTree = "<group>"; };
		776F284D2006154100997551 /* Base */ = {isa = PBXFileReference; lastKnownFileType = file.storyboard; name = Base; path = Base.lproj/LaunchScreen.storyboard; sourceTree = "<group>"; };
		776F284F2006154100997551 /* Info.plist */ = {isa = PBXFileReference; lastKnownFileType = text.plist.xml; path = Info.plist; sourceTree = "<group>"; };
		776F28502006154100997551 /* main.m */ = {isa = PBXFileReference; lastKnownFileType = sourcecode.c.objc; path = main.m; sourceTree = "<group>"; };
		776F2859200615C400997551 /* UIButton+Touch.h */ = {isa = PBXFileReference; lastKnownFileType = sourcecode.c.h; path = "UIButton+Touch.h"; sourceTree = "<group>"; };
		776F285A200615C400997551 /* UIButton+Touch.m */ = {isa = PBXFileReference; lastKnownFileType = sourcecode.c.objc; path = "UIButton+Touch.m"; sourceTree = "<group>"; };
/* End PBXFileReference section */

/* Begin PBXFrameworksBuildPhase section */
		776F283B2006154100997551 /* Frameworks */ = {
			isa = PBXFrameworksBuildPhase;
			buildActionMask = 2147483647;
			files = (
			);
			runOnlyForDeploymentPostprocessing = 0;
		};
/* End PBXFrameworksBuildPhase section */

/* Begin PBXGroup section */
		776F28352006154100997551 = {
			isa = PBXGroup;
			children = (
				776F28402006154100997551 /* buttonDemo */,
				776F283F2006154100997551 /* Products */,
			);
			sourceTree = "<group>";
		};
		776F283F2006154100997551 /* Products */ = {
			isa = PBXGroup;
			children = (
				776F283E2006154100997551 /* buttonDemo.app */,
			);
			name = Products;
			sourceTree = "<group>";
		};
		776F28402006154100997551 /* buttonDemo */ = {
			isa = PBXGroup;
			children = (
				776F28412006154100997551 /* AppDelegate.h */,
				776F28422006154100997551 /* AppDelegate.m */,
				776F28442006154100997551 /* ViewController.h */,
				776F28452006154100997551 /* ViewController.m */,
				776F2859200615C400997551 /* UIButton+Touch.h */,
				776F285A200615C400997551 /* UIButton+Touch.m */,
				776F28472006154100997551 /* Main.storyboard */,
				776F284A2006154100997551 /* Assets.xcassets */,
				776F284C2006154100997551 /* LaunchScreen.storyboard */,
				776F284F2006154100997551 /* Info.plist */,
				776F28502006154100997551 /* main.m */,
			);
			path = buttonDemo;
			sourceTree = "<group>";
		};
/* End PBXGroup section */

/* Begin PBXNativeTarget section */
		776F283D2006154100997551 /* buttonDemo */ = {
			isa = PBXNativeTarget;
			buildConfigurationList = 776F28542006154100997551 /* Build configuration list for PBXNativeTarget "buttonDemo" */;
			buildPhases = (
				776F283A2006154100997551 /* Sources */,
				776F283B2006154100997551 /* Frameworks */,
				776F283C2006154100997551 /* Resources */,
			);
			buildRules = (
			);
			dependencies = (
			);
			name = buttonDemo;
			productName = buttonDemo;
			productReference = 776F283E2006154100997551 /* buttonDemo.app */;
			productType = "com.apple.product-type.application";
		};
/* End PBXNativeTarget section */

/* Begin PBXProject section */
		776F28362006154100997551 /* Project object */ = {
			isa = PBXProject;
			attributes = {
				LastUpgradeCheck = 0920;
				ORGANIZATIONNAME = "胡堃";
				TargetAttributes = {
					776F283D2006154100997551 = {
						CreatedOnToolsVersion = 9.2;
						ProvisioningStyle = Automatic;
					};
				};
			};
			buildConfigurationList = 776F28392006154100997551 /* Build configuration list for PBXProject "buttonDemo" */;
			compatibilityVersion = "Xcode 8.0";
			developmentRegion = en;
			hasScannedForEncodings = 0;
			knownRegions = (
				en,
				Base,
			);
			mainGroup = 776F28352006154100997551;
			productRefGroup = 776F283F2006154100997551 /* Products */;
			projectDirPath = "";
			projectRoot = "";
			targets = (
				776F283D2006154100997551 /* buttonDemo */,
			);
		};
/* End PBXProject section */

/* Begin PBXResourcesBuildPhase section */
		776F283C2006154100997551 /* Resources */ = {
			isa = PBXResourcesBuildPhase;
			buildActionMask = 2147483647;
			files = (
				776F284E2006154100997551 /* LaunchScreen.storyboard in Resources */,
				776F284B2006154100997551 /* Assets.xcassets in Resources */,
				776F28492006154100997551 /* Main.storyboard in Resources */,
			);
			runOnlyForDeploymentPostprocessing = 0;
		};
/* End PBXResourcesBuildPhase section */

/* Begin PBXSourcesBuildPhase section */
		776F283A2006154100997551 /* Sources */ = {
			isa = PBXSourcesBuildPhase;
			buildActionMask = 2147483647;
			files = (
				776F28462006154100997551 /* ViewController.m in Sources */,
				776F28512006154100997551 /* main.m in Sources */,
				776F28432006154100997551 /* AppDelegate.m in Sources */,
				776F285B200615C400997551 /* UIButton+Touch.m in Sources */,
			);
			runOnlyForDeploymentPostprocessing = 0;
		};
/* End PBXSourcesBuildPhase section */

/* Begin PBXVariantGroup section */
		776F28472006154100997551 /* Main.storyboard */ = {
			isa = PBXVariantGroup;
			children = (
				776F28482006154100997551 /* Base */,
			);
			name = Main.storyboard;
			sourceTree = "<group>";
		};
		776F284C2006154100997551 /* LaunchScreen.storyboard */ = {
			isa = PBXVariantGroup;
			children = (
				776F284D2006154100997551 /* Base */,
			);
			name = LaunchScreen.storyboard;
			sourceTree = "<group>";
		};
/* End PBXVariantGroup section */

/* Begin XCBuildConfiguration section */
		776F28522006154100997551 /* Debug */ = {
			isa = XCBuildConfiguration;
			buildSettings = {
				ALWAYS_SEARCH_USER_PATHS = NO;
				CLANG_ANALYZER_NONNULL = YES;
				CLANG_ANALYZER_NUMBER_OBJECT_CONVERSION = YES_AGGRESSIVE;
				CLANG_CXX_LANGUAGE_STANDARD = "gnu++14";
				CLANG_CXX_LIBRARY = "libc++";
				CLANG_ENABLE_MODULES = YES;
				CLANG_ENABLE_OBJC_ARC = YES;
				CLANG_WARN_BLOCK_CAPTURE_AUTORELEASING = YES;
				CLANG_WARN_BOOL_CONVERSION = YES;
				CLANG_WARN_COMMA = YES;
				CLANG_WARN_CONSTANT_CONVERSION = YES;
				CLANG_WARN_DIRECT_OBJC_ISA_USAGE = YES_ERROR;
				CLANG_WARN_DOCUMENTATION_COMMENTS = YES;
				CLANG_WARN_EMPTY_BODY = YES;
				CLANG_WARN_ENUM_CONVERSION = YES;
				CLANG_WARN_INFINITE_RECURSION = YES;
				CLANG_WARN_INT_CONVERSION = YES;
				CLANG_WARN_NON_LITERAL_NULL_CONVERSION = YES;
				CLANG_WARN_OBJC_LITERAL_CONVERSION = YES;
				CLANG_WARN_OBJC_ROOT_CLASS = YES_ERROR;
				CLANG_WARN_RANGE_LOOP_ANALYSIS = YES;
				CLANG_WARN_STRICT_PROTOTYPES = YES;
				CLANG_WARN_SUSPICIOUS_MOVE = YES;
				CLANG_WARN_UNGUARDED_AVAILABILITY = YES_AGGRESSIVE;
				CLANG_WARN_UNREACHABLE_CODE = YES;
				CLANG_WARN__DUPLICATE_METHOD_MATCH = YES;
				CODE_SIGN_IDENTITY = "iPhone Developer";
				COPY_PHASE_STRIP = NO;
				DEBUG_INFORMATION_FORMAT = dwarf;
				ENABLE_STRICT_OBJC_MSGSEND = YES;
				ENABLE_TESTABILITY = YES;
				GCC_C_LANGUAGE_STANDARD = gnu11;
				GCC_DYNAMIC_NO_PIC = NO;
				GCC_NO_COMMON_BLOCKS = YES;
				GCC_OPTIMIZATION_LEVEL = 0;
				GCC_PREPROCESSOR_DEFINITIONS = (
					"DEBUG=1",
					"$(inherited)",
				);
				GCC_WARN_64_TO_32_BIT_CONVERSION = YES;
				GCC_WARN_ABOUT_RETURN_TYPE = YES_ERROR;
				GCC_WARN_UNDECLARED_SELECTOR = YES;
				GCC_WARN_UNINITIALIZED_AUTOS = YES_AGGRESSIVE;
				GCC_WARN_UNUSED_FUNCTION = YES;
				GCC_WARN_UNUSED_VARIABLE = YES;
				IPHONEOS_DEPLOYMENT_TARGET = 11.2;
				MTL_ENABLE_DEBUG_INFO = YES;
				ONLY_ACTIVE_ARCH = YES;
				SDKROOT = iphoneos;
			};
			name = Debug;
		};
		776F28532006154100997551 /* Release */ = {
			isa = XCBuildConfiguration;
			buildSettings = {
				ALWAYS_SEARCH_USER_PATHS = NO;
				CLANG_ANALYZER_NONNULL = YES;
				CLANG_ANALYZER_NUMBER_OBJECT_CONVERSION = YES_AGGRESSIVE;
				CLANG_CXX_LANGUAGE_STANDARD = "gnu++14";
				CLANG_CXX_LIBRARY = "libc++";
				CLANG_ENABLE_MODULES = YES;
				CLANG_ENABLE_OBJC_ARC = YES;
				CLANG_WARN_BLOCK_CAPTURE_AUTORELEASING = YES;
				CLANG_WARN_BOOL_CONVERSION = YES;
				CLANG_WARN_COMMA = YES;
				CLANG_WARN_CONSTANT_CONVERSION = YES;
				CLANG_WARN_DIRECT_OBJC_ISA_USAGE = YES_ERROR;
				CLANG_WARN_DOCUMENTATION_COMMENTS = YES;
				CLANG_WARN_EMPTY_BODY = YES;
				CLANG_WARN_ENUM_CONVERSION = YES;
				CLANG_WARN_INFINITE_RECURSION = YES;
				CLANG_WARN_INT_CONVERSION = YES;
				CLANG_WARN_NON_LITERAL_NULL_CONVERSION = YES;
				CLANG_WARN_OBJC_LITERAL_CONVERSION = YES;
				CLANG_WARN_OBJC_ROOT_CLASS = YES_ERROR;
				CLANG_WARN_RANGE_LOOP_ANALYSIS = YES;
				CLANG_WARN_STRICT_PROTOTYPES = YES;
				CLANG_WARN_SUSPICIOUS_MOVE = YES;
				CLANG_WARN_UNGUARDED_AVAILABILITY = YES_AGGRESSIVE;
				CLANG_WARN_UNREACHABLE_CODE = YES;
				CLANG_WARN__DUPLICATE_METHOD_MATCH = YES;
				CODE_SIGN_IDENTITY = "iPhone Developer";
				COPY_PHASE_STRIP = NO;
				DEBUG_INFORMATION_FORMAT = "dwarf-with-dsym";
				ENABLE_NS_ASSERTIONS = NO;
				ENABLE_STRICT_OBJC_MSGSEND = YES;
				GCC_C_LANGUAGE_STANDARD = gnu11;
				GCC_NO_COMMON_BLOCKS = YES;
				GCC_WARN_64_TO_32_BIT_CONVERSION = YES;
				GCC_WARN_ABOUT_RETURN_TYPE = YES_ERROR;
				GCC_WARN_UNDECLARED_SELECTOR = YES;
				GCC_WARN_UNINITIALIZED_AUTOS = YES_AGGRESSIVE;
				GCC_WARN_UNUSED_FUNCTION = YES;
				GCC_WARN_UNUSED_VARIABLE = YES;
				IPHONEOS_DEPLOYMENT_TARGET = 11.2;
				MTL_ENABLE_DEBUG_INFO = NO;
				SDKROOT = iphoneos;
				VALIDATE_PRODUCT = YES;
			};
			name = Release;
		};
		776F28552006154100997551 /* Debug */ = {
			isa = XCBuildConfiguration;
			buildSettings = {
				ASSETCATALOG_COMPILER_APPICON_NAME = AppIcon;
				CODE_SIGN_STYLE = Automatic;
				DEVELOPMENT_TEAM = SFGK664254;
				INFOPLIST_FILE = buttonDemo/Info.plist;
				LD_RUNPATH_SEARCH_PATHS = "$(inherited) @executable_path/Frameworks";
				PRODUCT_BUNDLE_IDENTIFIER = com.lingzhu.ofbank.buttonDemo;
				PRODUCT_NAME = "$(TARGET_NAME)";
				TARGETED_DEVICE_FAMILY = "1,2";
			};
			name = Debug;
		};
		776F28562006154100997551 /* Release */ = {
			isa = XCBuildConfiguration;
			buildSettings = {
				ASSETCATALOG_COMPILER_APPICON_NAME = AppIcon;
				CODE_SIGN_STYLE = Automatic;
				DEVELOPMENT_TEAM = SFGK664254;
				INFOPLIST_FILE = buttonDemo/Info.plist;
				LD_RUNPATH_SEARCH_PATHS = "$(inherited) @executable_path/Frameworks";
				PRODUCT_BUNDLE_IDENTIFIER = com.lingzhu.ofbank.buttonDemo;
				PRODUCT_NAME = "$(TARGET_NAME)";
				TARGETED_DEVICE_FAMILY = "1,2";
			};
			name = Release;
		};
/* End XCBuildConfiguration section */

/* Begin XCConfigurationList section */
		776F28392006154100997551 /* Build configuration list for PBXProject "buttonDemo" */ = {
			isa = XCConfigurationList;
			buildConfigurations = (
				776F28522006154100997551 /* Debug */,
				776F28532006154100997551 /* Release */,
			);
			defaultConfigurationIsVisible = 0;
			defaultConfigurationName = Release;
		};
		776F28542006154100997551 /* Build configuration list for PBXNativeTarget "buttonDemo" */ = {
			isa = XCConfigurationList;
			buildConfigurations = (
				776F28552006154100997551 /* Debug */,
				776F28562006154100997551 /* Release */,
			);
			defaultConfigurationIsVisible = 0;
			defaultConfigurationName = Release;
		};
/* End XCConfigurationList section */
	};
	rootObject = 776F28362006154100997551 /* Project object */;
}
